
Microsoft Visual Studio Solution File, Format Version 12.00
# Visual Studio Version 16
VisualStudioVersion = 16.0.30717.126
MinimumVisualStudioVersion = 10.0.40219.1
Project("{FAE04EC0-301F-11D3-BF4B-00C04F79EFBC}") = "CinemaGames.Entities", "CinemaGames.Entities\CinemaGames.Entities.csproj", "{7FC7E517-DD4C-44F3-8CBD-8BF512937991}"
EndProject
Project("{FAE04EC0-301F-11D3-BF4B-00C04F79EFBC}") = "CinemaGames.Data", "CinemaGames.Data\CinemaGames.Data.csproj", "{C5B4CD9B-014C-4C79-BB5D-AB879999138B}"
EndProject
Project("{FAE04EC0-301F-11D3-BF4B-00C04F79EFBC}") = "CinemaGames.Services", "CinemaGames.Services\CinemaGames.Services.csproj", "{FD6607CA-115C-40F9-AAFA-D88519982A12}"
EndProject
Project("{FAE04EC0-301F-11D3-BF4B-00C04F79EFBC}") = "CinemaGames.Web", "CinemaGames.Web\CinemaGames.Web.csproj", "{3CEBBB54-BE09-445B-ADC4-F45611D07D44}"
EndProject
Global
	GlobalSection(SolutionConfigurationPlatforms) = preSolution
		Debug|Any CPU = Debug|Any CPU
		Release|Any CPU = Release|Any CPU
	EndGlobalSection
	GlobalSection(ProjectConfigurationPlatforms) = postSolution
		{7FC7E517-DD4C-44F3-8CBD-8BF512937991}.Debug|Any CPU.ActiveCfg = Debug|Any CPU
		{7FC7E517-DD4C-44F3-8CBD-8BF512937991}.Debug|Any CPU.Build.0 = Debug|Any CPU
		{7FC7E517-DD4C-44F3-8CBD-8BF512937991}.Release|Any CPU.ActiveCfg = Release|Any CPU
		{7FC7E517-DD4C-44F3-8CBD-8BF512937991}.Release|Any CPU.Build.0 = Release|Any CPU
		{C5B4CD9B-014C-4C79-BB5D-AB879999138B}.Debug|Any CPU.ActiveCfg = Debug|Any CPU
		{C5B4CD9B-014C-4C79-BB5D-AB879999138B}.Debug|Any CPU.Build.0 = Debug|Any CPU
		{C5B4CD9B-014C-4C79-BB5D-AB879999138B}.Release|Any CPU.ActiveCfg = Release|Any CPU
		{C5B4CD9B-014C-4C79-BB5D-AB879999138B}.Release|Any CPU.Build.0 = Release|Any CPU
		{FD6607CA-115C-40F9-AAFA-D88519982A12}.Debug|Any CPU.ActiveCfg = Debug|Any CPU
		{FD6607CA-115C-40F9-AAFA-D88519982A12}.Debug|Any CPU.Build.0 = Debug|Any CPU
		{FD6607CA-115C-40F9-AAFA-D88519982A12}.Release|Any CPU.ActiveCfg = Release|Any CPU
		{FD6607CA-115C-40F9-AAFA-D88519982A12}.Release|Any CPU.Build.0 = Release|Any CPU
		{3CEBBB54-BE09-445B-ADC4-F45611D07D44}.Debug|Any CPU.ActiveCfg = Debug|Any CPU
		{3CEBBB54-BE09-445B-ADC4-F45611D07D44}.Debug|Any CPU.Build.0 = Debug|Any CPU
		{3CEBBB54-BE09-445B-ADC4-F45611D07D44}.Release|Any CPU.ActiveCfg = Release|Any CPU
		{3CEBBB54-BE09-445B-ADC4-F45611D07D44}.Release|Any CPU.Build.0 = Release|Any CPU
	EndGlobalSection
	GlobalSection(SolutionProperties) = preSolution
		HideSolutionNode = FALSE
	EndGlobalSection
	GlobalSection(ExtensibilityGlobals) = postSolution
		SolutionGuid = {D5B10F64-03E1-4E64-8C2E-47DC98C7CDEC}
	EndGlobalSection
EndGlobal
