
Microsoft Visual Studio Solution File, Format Version 12.00
# Visual Studio Version 16
VisualStudioVersion = 16.0.31205.134
MinimumVisualStudioVersion = 10.0.40219.1
Project("{9A19103F-16F7-4668-BE54-9A1E7A4F7556}") = "WeatherForecast", "WeatherForecast\WeatherForecast.csproj", "{0E26037C-C018-42AB-BCB4-2D7687E3A519}"
EndProject
Global
	GlobalSection(SolutionConfigurationPlatforms) = preSolution
		Debug|Any CPU = Debug|Any CPU
		Release|Any CPU = Release|Any CPU
	EndGlobalSection
	GlobalSection(ProjectConfigurationPlatforms) = postSolution
		{0E26037C-C018-42AB-BCB4-2D7687E3A519}.Debug|Any CPU.ActiveCfg = Debug|Any CPU
		{0E26037C-C018-42AB-BCB4-2D7687E3A519}.Debug|Any CPU.Build.0 = Debug|Any CPU
		{0E26037C-C018-42AB-BCB4-2D7687E3A519}.Release|Any CPU.ActiveCfg = Release|Any CPU
		{0E26037C-C018-42AB-BCB4-2D7687E3A519}.Release|Any CPU.Build.0 = Release|Any CPU
	EndGlobalSection
	GlobalSection(SolutionProperties) = preSolution
		HideSolutionNode = FALSE
	EndGlobalSection
	GlobalSection(ExtensibilityGlobals) = postSolution
		SolutionGuid = {D0988EB8-9AFE-487C-9D98-AF32407CBA6C}
	EndGlobalSection
EndGlobal
