
Microsoft Visual Studio Solution File, Format Version 12.00
# Visual Studio Version 16
VisualStudioVersion = 16.0.31205.134
MinimumVisualStudioVersion = 10.0.40219.1
Project("{9A19103F-16F7-4668-BE54-9A1E7A4F7556}") = "ModalDialog", "ModalDialog\ModalDialog.csproj", "{59F9D4A2-4EA4-487E-B90B-EE24AEE52C99}"
EndProject
Project("{FAE04EC0-301F-11D3-BF4B-00C04F79EFBC}") = "MyComponents", "MyComponents\MyComponents.csproj", "{4F87B0D9-6D44-4A43-B5C8-B297B4BA758E}"
EndProject
Global
	GlobalSection(SolutionConfigurationPlatforms) = preSolution
		Debug|Any CPU = Debug|Any CPU
		Release|Any CPU = Release|Any CPU
	EndGlobalSection
	GlobalSection(ProjectConfigurationPlatforms) = postSolution
		{59F9D4A2-4EA4-487E-B90B-EE24AEE52C99}.Debug|Any CPU.ActiveCfg = Debug|Any CPU
		{59F9D4A2-4EA4-487E-B90B-EE24AEE52C99}.Debug|Any CPU.Build.0 = Debug|Any CPU
		{59F9D4A2-4EA4-487E-B90B-EE24AEE52C99}.Release|Any CPU.ActiveCfg = Release|Any CPU
		{59F9D4A2-4EA4-487E-B90B-EE24AEE52C99}.Release|Any CPU.Build.0 = Release|Any CPU
		{4F87B0D9-6D44-4A43-B5C8-B297B4BA758E}.Debug|Any CPU.ActiveCfg = Debug|Any CPU
		{4F87B0D9-6D44-4A43-B5C8-B297B4BA758E}.Debug|Any CPU.Build.0 = Debug|Any CPU
		{4F87B0D9-6D44-4A43-B5C8-B297B4BA758E}.Release|Any CPU.ActiveCfg = Release|Any CPU
		{4F87B0D9-6D44-4A43-B5C8-B297B4BA758E}.Release|Any CPU.Build.0 = Release|Any CPU
	EndGlobalSection
	GlobalSection(SolutionProperties) = preSolution
		HideSolutionNode = FALSE
	EndGlobalSection
	GlobalSection(ExtensibilityGlobals) = postSolution
		SolutionGuid = {1FB5115B-8794-48F6-B012-E786E3AB54B0}
	EndGlobalSection
EndGlobal
